
Microsoft Visual Studio Solution File, Format Version 12.00
# Visual Studio Version 17
VisualStudioVersion = 17.14.36221.1 d17.14
MinimumVisualStudioVersion = 10.0.40219.1
Project("{FAE04EC0-301F-11D3-BF4B-00C04F79EFBC}") = "Tailor Management System", "Tailor Management System\Tailor Management System.csproj", "{C8339313-EFA7-4DEA-9F10-F6C757B7C827}"
EndProject
Global
	GlobalSection(SolutionConfigurationPlatforms) = preSolution
		Debug|Any CPU = Debug|Any CPU
		Release|Any CPU = Release|Any CPU
	EndGlobalSection
	GlobalSection(ProjectConfigurationPlatforms) = postSolution
		{C8339313-EFA7-4DEA-9F10-F6C757B7C827}.Debug|Any CPU.ActiveCfg = Debug|Any CPU
		{C8339313-EFA7-4DEA-9F10-F6C757B7C827}.Debug|Any CPU.Build.0 = Debug|Any CPU
		{C8339313-EFA7-4DEA-9F10-F6C757B7C827}.Release|Any CPU.ActiveCfg = Release|Any CPU
		{C8339313-EFA7-4DEA-9F10-F6C757B7C827}.Release|Any CPU.Build.0 = Release|Any CPU
	EndGlobalSection
	GlobalSection(SolutionProperties) = preSolution
		HideSolutionNode = FALSE
	EndGlobalSection
	GlobalSection(ExtensibilityGlobals) = postSolution
		SolutionGuid = {564BA90C-4776-4D6D-B5BB-DE5AEC8EC58E}
	EndGlobalSection
EndGlobal
